// !$*UTF8*$!
{
	archiveVersion = 1;
	classes = {
	};
	objectVersion = 50;
	objects = {

/* Begin PBXBuildFile section */
		63404BA5A23EF611F1BCF1CF /* libPods-XGYPhotoBrowser.a in Frameworks */ = {isa = PBXBuildFile; fileRef = 8A718C4125BD00A201929781 /* libPods-XGYPhotoBrowser.a */; };
		6716837F2268492700841BFD /* Main.storyboard in Resources */ = {isa = PBXBuildFile; fileRef = 6716837D2268492700841BFD /* Main.storyboard */; };
		671683812268492700841BFD /* Assets.xcassets in Resources */ = {isa = PBXBuildFile; fileRef = 671683802268492700841BFD /* Assets.xcassets */; };
		671683842268492700841BFD /* LaunchScreen.storyboard in Resources */ = {isa = PBXBuildFile; fileRef = 671683822268492700841BFD /* LaunchScreen.storyboard */; };
		671683872268492700841BFD /* main.m in Sources */ = {isa = PBXBuildFile; fileRef = 671683862268492700841BFD /* main.m */; };
		67168391226849E200841BFD /* AppDelegate.m in Sources */ = {isa = PBXBuildFile; fileRef = 67168390226849E200841BFD /* AppDelegate.m */; };
		671683A3226849EA00841BFD /* XGYPhotoCell.m in Sources */ = {isa = PBXBuildFile; fileRef = 67168394226849EA00841BFD /* XGYPhotoCell.m */; };
		671683A4226849EA00841BFD /* XGYImageModel.m in Sources */ = {isa = PBXBuildFile; fileRef = 67168396226849EA00841BFD /* XGYImageModel.m */; };
		671683A5226849EA00841BFD /* XGYTool.m in Sources */ = {isa = PBXBuildFile; fileRef = 67168397226849EA00841BFD /* XGYTool.m */; };
		671683A6226849EA00841BFD /* XGYAnimationController.m in Sources */ = {isa = PBXBuildFile; fileRef = 6716839B226849EA00841BFD /* XGYAnimationController.m */; };
		671683A7226849EA00841BFD /* XGYTabbarController.m in Sources */ = {isa = PBXBuildFile; fileRef = 6716839C226849EA00841BFD /* XGYTabbarController.m */; };
		671683A8226849EA00841BFD /* XGYNavigationController.m in Sources */ = {isa = PBXBuildFile; fileRef = 6716839E226849EA00841BFD /* XGYNavigationController.m */; };
		671683A9226849EA00841BFD /* XGYNormalController.m in Sources */ = {isa = PBXBuildFile; fileRef = 671683A0226849EA00841BFD /* XGYNormalController.m */; };
		671683B222684B7A00841BFD /* XGYLoadingProgressLayer.m in Sources */ = {isa = PBXBuildFile; fileRef = 671683AD22684B7A00841BFD /* XGYLoadingProgressLayer.m */; };
		671683B322684B7A00841BFD /* XGYPhotoView.m in Sources */ = {isa = PBXBuildFile; fileRef = 671683AF22684B7A00841BFD /* XGYPhotoView.m */; };
		671683B422684B7A00841BFD /* XGYPhotoBrowser.m in Sources */ = {isa = PBXBuildFile; fileRef = 671683B122684B7A00841BFD /* XGYPhotoBrowser.m */; };
/* End PBXBuildFile section */

/* Begin PBXFileReference section */
		246CE549DC2487BA33630F2F /* Pods-XGYPhotoBrowser.release.xcconfig */ = {isa = PBXFileReference; includeInIndex = 1; lastKnownFileType = text.xcconfig; name = "Pods-XGYPhotoBrowser.release.xcconfig"; path = "Pods/Target Support Files/Pods-XGYPhotoBrowser/Pods-XGYPhotoBrowser.release.xcconfig"; sourceTree = "<group>"; };
		671683742268492700841BFD /* XGYPhotoBrowser.app */ = {isa = PBXFileReference; explicitFileType = wrapper.application; includeInIndex = 0; path = XGYPhotoBrowser.app; sourceTree = BUILT_PRODUCTS_DIR; };
		6716837E2268492700841BFD /* Base */ = {isa = PBXFileReference; lastKnownFileType = file.storyboard; name = Base; path = Base.lproj/Main.storyboard; sourceTree = "<group>"; };
		671683802268492700841BFD /* Assets.xcassets */ = {isa = PBXFileReference; lastKnownFileType = folder.assetcatalog; path = Assets.xcassets; sourceTree = "<group>"; };
		671683832268492700841BFD /* Base */ = {isa = PBXFileReference; lastKnownFileType = file.storyboard; name = Base; path = Base.lproj/LaunchScreen.storyboard; sourceTree = "<group>"; };
		671683852268492700841BFD /* Info.plist */ = {isa = PBXFileReference; lastKnownFileType = text.plist.xml; path = Info.plist; sourceTree = "<group>"; };
		671683862268492700841BFD /* main.m */ = {isa = PBXFileReference; lastKnownFileType = sourcecode.c.objc; path = main.m; sourceTree = "<group>"; };
		6716838F226849E200841BFD /* AppDelegate.h */ = {isa = PBXFileReference; fileEncoding = 4; lastKnownFileType = sourcecode.c.h; path = AppDelegate.h; sourceTree = "<group>"; };
		67168390226849E200841BFD /* AppDelegate.m */ = {isa = PBXFileReference; fileEncoding = 4; lastKnownFileType = sourcecode.c.objc; path = AppDelegate.m; sourceTree = "<group>"; };
		67168393226849EA00841BFD /* XGYPhotoCell.h */ = {isa = PBXFileReference; fileEncoding = 4; lastKnownFileType = sourcecode.c.h; path = XGYPhotoCell.h; sourceTree = "<group>"; };
		67168394226849EA00841BFD /* XGYPhotoCell.m */ = {isa = PBXFileReference; fileEncoding = 4; lastKnownFileType = sourcecode.c.objc; path = XGYPhotoCell.m; sourceTree = "<group>"; };
		67168396226849EA00841BFD /* XGYImageModel.m */ = {isa = PBXFileReference; fileEncoding = 4; lastKnownFileType = sourcecode.c.objc; path = XGYImageModel.m; sourceTree = "<group>"; };
		67168397226849EA00841BFD /* XGYTool.m */ = {isa = PBXFileReference; fileEncoding = 4; lastKnownFileType = sourcecode.c.objc; path = XGYTool.m; sourceTree = "<group>"; };
		67168398226849EA00841BFD /* XGYImageModel.h */ = {isa = PBXFileReference; fileEncoding = 4; lastKnownFileType = sourcecode.c.h; path = XGYImageModel.h; sourceTree = "<group>"; };
		67168399226849EA00841BFD /* XGYTool.h */ = {isa = PBXFileReference; fileEncoding = 4; lastKnownFileType = sourcecode.c.h; path = XGYTool.h; sourceTree = "<group>"; };
		6716839B226849EA00841BFD /* XGYAnimationController.m */ = {isa = PBXFileReference; fileEncoding = 4; lastKnownFileType = sourcecode.c.objc; path = XGYAnimationController.m; sourceTree = "<group>"; };
		6716839C226849EA00841BFD /* XGYTabbarController.m */ = {isa = PBXFileReference; fileEncoding = 4; lastKnownFileType = sourcecode.c.objc; path = XGYTabbarController.m; sourceTree = "<group>"; };
		6716839D226849EA00841BFD /* XGYNormalController.h */ = {isa = PBXFileReference; fileEncoding = 4; lastKnownFileType = sourcecode.c.h; path = XGYNormalController.h; sourceTree = "<group>"; };
		6716839E226849EA00841BFD /* XGYNavigationController.m */ = {isa = PBXFileReference; fileEncoding = 4; lastKnownFileType = sourcecode.c.objc; path = XGYNavigationController.m; sourceTree = "<group>"; };
		6716839F226849EA00841BFD /* XGYAnimationController.h */ = {isa = PBXFileReference; fileEncoding = 4; lastKnownFileType = sourcecode.c.h; path = XGYAnimationController.h; sourceTree = "<group>"; };
		671683A0226849EA00841BFD /* XGYNormalController.m */ = {isa = PBXFileReference; fileEncoding = 4; lastKnownFileType = sourcecode.c.objc; path = XGYNormalController.m; sourceTree = "<group>"; };
		671683A1226849EA00841BFD /* XGYTabbarController.h */ = {isa = PBXFileReference; fileEncoding = 4; lastKnownFileType = sourcecode.c.h; path = XGYTabbarController.h; sourceTree = "<group>"; };
		671683A2226849EA00841BFD /* XGYNavigationController.h */ = {isa = PBXFileReference; fileEncoding = 4; lastKnownFileType = sourcecode.c.h; path = XGYNavigationController.h; sourceTree = "<group>"; };
		671683AB22684B7A00841BFD /* XGYPhotoBrowserProtocol.h */ = {isa = PBXFileReference; fileEncoding = 4; lastKnownFileType = sourcecode.c.h; path = XGYPhotoBrowserProtocol.h; sourceTree = "<group>"; };
		671683AC22684B7A00841BFD /* XGYPhotoView.h */ = {isa = PBXFileReference; fileEncoding = 4; lastKnownFileType = sourcecode.c.h; path = XGYPhotoView.h; sourceTree = "<group>"; };
		671683AD22684B7A00841BFD /* XGYLoadingProgressLayer.m */ = {isa = PBXFileReference; fileEncoding = 4; lastKnownFileType = sourcecode.c.objc; path = XGYLoadingProgressLayer.m; sourceTree = "<group>"; };
		671683AE22684B7A00841BFD /* XGYPhotoBrowser.h */ = {isa = PBXFileReference; fileEncoding = 4; lastKnownFileType = sourcecode.c.h; path = XGYPhotoBrowser.h; sourceTree = "<group>"; };
		671683AF22684B7A00841BFD /* XGYPhotoView.m */ = {isa = PBXFileReference; fileEncoding = 4; lastKnownFileType = sourcecode.c.objc; path = XGYPhotoView.m; sourceTree = "<group>"; };
		671683B022684B7A00841BFD /* XGYLoadingProgressLayer.h */ = {isa = PBXFileReference; fileEncoding = 4; lastKnownFileType = sourcecode.c.h; path = XGYLoadingProgressLayer.h; sourceTree = "<group>"; };
		671683B122684B7A00841BFD /* XGYPhotoBrowser.m */ = {isa = PBXFileReference; fileEncoding = 4; lastKnownFileType = sourcecode.c.objc; path = XGYPhotoBrowser.m; sourceTree = "<group>"; };
		8A718C4125BD00A201929781 /* libPods-XGYPhotoBrowser.a */ = {isa = PBXFileReference; explicitFileType = archive.ar; includeInIndex = 0; path = "libPods-XGYPhotoBrowser.a"; sourceTree = BUILT_PRODUCTS_DIR; };
		F6A834AD4E41DBDB95530273 /* Pods-XGYPhotoBrowser.debug.xcconfig */ = {isa = PBXFileReference; includeInIndex = 1; lastKnownFileType = text.xcconfig; name = "Pods-XGYPhotoBrowser.debug.xcconfig"; path = "Pods/Target Support Files/Pods-XGYPhotoBrowser/Pods-XGYPhotoBrowser.debug.xcconfig"; sourceTree = "<group>"; };
/* End PBXFileReference section */

/* Begin PBXFrameworksBuildPhase section */
		671683712268492700841BFD /* Frameworks */ = {
			isa = PBXFrameworksBuildPhase;
			buildActionMask = 2147483647;
			files = (
				63404BA5A23EF611F1BCF1CF /* libPods-XGYPhotoBrowser.a in Frameworks */,
			);
			runOnlyForDeploymentPostprocessing = 0;
		};
/* End PBXFrameworksBuildPhase section */

/* Begin PBXGroup section */
		19BE945D4382E51E3F160F30 /* Frameworks */ = {
			isa = PBXGroup;
			children = (
				8A718C4125BD00A201929781 /* libPods-XGYPhotoBrowser.a */,
			);
			name = Frameworks;
			sourceTree = "<group>";
		};
		570F58AB25B4BDD6C24AB76D /* Pods */ = {
			isa = PBXGroup;
			children = (
				F6A834AD4E41DBDB95530273 /* Pods-XGYPhotoBrowser.debug.xcconfig */,
				246CE549DC2487BA33630F2F /* Pods-XGYPhotoBrowser.release.xcconfig */,
			);
			name = Pods;
			sourceTree = "<group>";
		};
		6716836B2268492700841BFD = {
			isa = PBXGroup;
			children = (
				671683762268492700841BFD /* XGYPhotoBrowser */,
				671683752268492700841BFD /* Products */,
				570F58AB25B4BDD6C24AB76D /* Pods */,
				19BE945D4382E51E3F160F30 /* Frameworks */,
			);
			sourceTree = "<group>";
		};
		671683752268492700841BFD /* Products */ = {
			isa = PBXGroup;
			children = (
				671683742268492700841BFD /* XGYPhotoBrowser.app */,
			);
			name = Products;
			sourceTree = "<group>";
		};
		671683762268492700841BFD /* XGYPhotoBrowser */ = {
			isa = PBXGroup;
			children = (
				671683AA22684B7A00841BFD /* XGYPtotoBrowser */,
				6716839A226849EA00841BFD /* Controller */,
				67168395226849EA00841BFD /* Model */,
				67168392226849EA00841BFD /* View */,
				6716838E2268497F00841BFD /* Resource */,
				6716838D2268497800841BFD /* Other */,
			);
			path = XGYPhotoBrowser;
			sourceTree = "<group>";
		};
		6716838D2268497800841BFD /* Other */ = {
			isa = PBXGroup;
			children = (
				6716838F226849E200841BFD /* AppDelegate.h */,
				67168390226849E200841BFD /* AppDelegate.m */,
				671683852268492700841BFD /* Info.plist */,
				671683862268492700841BFD /* main.m */,
			);
			path = Other;
			sourceTree = "<group>";
		};
		6716838E2268497F00841BFD /* Resource */ = {
			isa = PBXGroup;
			children = (
				6716837D2268492700841BFD /* Main.storyboard */,
				671683802268492700841BFD /* Assets.xcassets */,
				671683822268492700841BFD /* LaunchScreen.storyboard */,
			);
			path = Resource;
			sourceTree = "<group>";
		};
		67168392226849EA00841BFD /* View */ = {
			isa = PBXGroup;
			children = (
				67168393226849EA00841BFD /* XGYPhotoCell.h */,
				67168394226849EA00841BFD /* XGYPhotoCell.m */,
			);
			path = View;
			sourceTree = "<group>";
		};
		67168395226849EA00841BFD /* Model */ = {
			isa = PBXGroup;
			children = (
				67168396226849EA00841BFD /* XGYImageModel.m */,
				67168397226849EA00841BFD /* XGYTool.m */,
				67168398226849EA00841BFD /* XGYImageModel.h */,
				67168399226849EA00841BFD /* XGYTool.h */,
			);
			path = Model;
			sourceTree = "<group>";
		};
		6716839A226849EA00841BFD /* Controller */ = {
			isa = PBXGroup;
			children = (
				6716839B226849EA00841BFD /* XGYAnimationController.m */,
				6716839C226849EA00841BFD /* XGYTabbarController.m */,
				6716839D226849EA00841BFD /* XGYNormalController.h */,
				6716839E226849EA00841BFD /* XGYNavigationController.m */,
				6716839F226849EA00841BFD /* XGYAnimationController.h */,
				671683A0226849EA00841BFD /* XGYNormalController.m */,
				671683A1226849EA00841BFD /* XGYTabbarController.h */,
				671683A2226849EA00841BFD /* XGYNavigationController.h */,
			);
			path = Controller;
			sourceTree = "<group>";
		};
		671683AA22684B7A00841BFD /* XGYPtotoBrowser */ = {
			isa = PBXGroup;
			children = (
				671683B022684B7A00841BFD /* XGYLoadingProgressLayer.h */,
				671683AD22684B7A00841BFD /* XGYLoadingProgressLayer.m */,
				671683AE22684B7A00841BFD /* XGYPhotoBrowser.h */,
				671683B122684B7A00841BFD /* XGYPhotoBrowser.m */,
				671683AB22684B7A00841BFD /* XGYPhotoBrowserProtocol.h */,
				671683AC22684B7A00841BFD /* XGYPhotoView.h */,
				671683AF22684B7A00841BFD /* XGYPhotoView.m */,
			);
			path = XGYPtotoBrowser;
			sourceTree = "<group>";
		};
/* End PBXGroup section */

/* Begin PBXNativeTarget section */
		671683732268492700841BFD /* XGYPhotoBrowser */ = {
			isa = PBXNativeTarget;
			buildConfigurationList = 6716838A2268492700841BFD /* Build configuration list for PBXNativeTarget "XGYPhotoBrowser" */;
			buildPhases = (
				F8F12D79D1E2C0B811349E88 /* [CP] Check Pods Manifest.lock */,
				671683702268492700841BFD /* Sources */,
				671683712268492700841BFD /* Frameworks */,
				671683722268492700841BFD /* Resources */,
			);
			buildRules = (
			);
			dependencies = (
			);
			name = XGYPhotoBrowser;
			productName = XGYPhotoBrowser;
			productReference = 671683742268492700841BFD /* XGYPhotoBrowser.app */;
			productType = "com.apple.product-type.application";
		};
/* End PBXNativeTarget section */

/* Begin PBXProject section */
		6716836C2268492700841BFD /* Project object */ = {
			isa = PBXProject;
			attributes = {
				LastUpgradeCheck = 1010;
				ORGANIZATIONNAME = "guoyong xu";
				TargetAttributes = {
					671683732268492700841BFD = {
						CreatedOnToolsVersion = 10.1;
					};
				};
			};
			buildConfigurationList = 6716836F2268492700841BFD /* Build configuration list for PBXProject "XGYPhotoBrowser" */;
			compatibilityVersion = "Xcode 9.3";
			developmentRegion = en;
			hasScannedForEncodings = 0;
			knownRegions = (
				en,
				Base,
			);
			mainGroup = 6716836B2268492700841BFD;
			productRefGroup = 671683752268492700841BFD /* Products */;
			projectDirPath = "";
			projectRoot = "";
			targets = (
				671683732268492700841BFD /* XGYPhotoBrowser */,
			);
		};
/* End PBXProject section */

/* Begin PBXResourcesBuildPhase section */
		671683722268492700841BFD /* Resources */ = {
			isa = PBXResourcesBuildPhase;
			buildActionMask = 2147483647;
			files = (
				671683842268492700841BFD /* LaunchScreen.storyboard in Resources */,
				671683812268492700841BFD /* Assets.xcassets in Resources */,
				6716837F2268492700841BFD /* Main.storyboard in Resources */,
			);
			runOnlyForDeploymentPostprocessing = 0;
		};
/* End PBXResourcesBuildPhase section */

/* Begin PBXShellScriptBuildPhase section */
		F8F12D79D1E2C0B811349E88 /* [CP] Check Pods Manifest.lock */ = {
			isa = PBXShellScriptBuildPhase;
			buildActionMask = 2147483647;
			files = (
			);
			inputFileListPaths = (
			);
			inputPaths = (
				"${PODS_PODFILE_DIR_PATH}/Podfile.lock",
				"${PODS_ROOT}/Manifest.lock",
			);
			name = "[CP] Check Pods Manifest.lock";
			outputFileListPaths = (
			);
			outputPaths = (
				"$(DERIVED_FILE_DIR)/Pods-XGYPhotoBrowser-checkManifestLockResult.txt",
			);
			runOnlyForDeploymentPostprocessing = 0;
			shellPath = /bin/sh;
			shellScript = "diff \"${PODS_PODFILE_DIR_PATH}/Podfile.lock\" \"${PODS_ROOT}/Manifest.lock\" > /dev/null\nif [ $? != 0 ] ; then\n    # print error to STDERR\n    echo \"error: The sandbox is not in sync with the Podfile.lock. Run 'pod install' or update your CocoaPods installation.\" >&2\n    exit 1\nfi\n# This output is used by Xcode 'outputs' to avoid re-running this script phase.\necho \"SUCCESS\" > \"${SCRIPT_OUTPUT_FILE_0}\"\n";
			showEnvVarsInLog = 0;
		};
/* End PBXShellScriptBuildPhase section */

/* Begin PBXSourcesBuildPhase section */
		671683702268492700841BFD /* Sources */ = {
			isa = PBXSourcesBuildPhase;
			buildActionMask = 2147483647;
			files = (
				671683A8226849EA00841BFD /* XGYNavigationController.m in Sources */,
				671683A5226849EA00841BFD /* XGYTool.m in Sources */,
				671683B422684B7A00841BFD /* XGYPhotoBrowser.m in Sources */,
				671683A6226849EA00841BFD /* XGYAnimationController.m in Sources */,
				671683A3226849EA00841BFD /* XGYPhotoCell.m in Sources */,
				671683A9226849EA00841BFD /* XGYNormalController.m in Sources */,
				671683B322684B7A00841BFD /* XGYPhotoView.m in Sources */,
				67168391226849E200841BFD /* AppDelegate.m in Sources */,
				671683A7226849EA00841BFD /* XGYTabbarController.m in Sources */,
				671683A4226849EA00841BFD /* XGYImageModel.m in Sources */,
				671683B222684B7A00841BFD /* XGYLoadingProgressLayer.m in Sources */,
				671683872268492700841BFD /* main.m in Sources */,
			);
			runOnlyForDeploymentPostprocessing = 0;
		};
/* End PBXSourcesBuildPhase section */

/* Begin PBXVariantGroup section */
		6716837D2268492700841BFD /* Main.storyboard */ = {
			isa = PBXVariantGroup;
			children = (
				6716837E2268492700841BFD /* Base */,
			);
			name = Main.storyboard;
			sourceTree = "<group>";
		};
		671683822268492700841BFD /* LaunchScreen.storyboard */ = {
			isa = PBXVariantGroup;
			children = (
				671683832268492700841BFD /* Base */,
			);
			name = LaunchScreen.storyboard;
			sourceTree = "<group>";
		};
/* End PBXVariantGroup section */

/* Begin XCBuildConfiguration section */
		671683882268492700841BFD /* Debug */ = {
			isa = XCBuildConfiguration;
			buildSettings = {
				ALWAYS_SEARCH_USER_PATHS = NO;
				CLANG_ANALYZER_NONNULL = YES;
				CLANG_ANALYZER_NUMBER_OBJECT_CONVERSION = YES_AGGRESSIVE;
				CLANG_CXX_LANGUAGE_STANDARD = "gnu++14";
				CLANG_CXX_LIBRARY = "libc++";
				CLANG_ENABLE_MODULES = YES;
				CLANG_ENABLE_OBJC_ARC = YES;
				CLANG_ENABLE_OBJC_WEAK = YES;
				CLANG_WARN_BLOCK_CAPTURE_AUTORELEASING = YES;
				CLANG_WARN_BOOL_CONVERSION = YES;
				CLANG_WARN_COMMA = YES;
				CLANG_WARN_CONSTANT_CONVERSION = YES;
				CLANG_WARN_DEPRECATED_OBJC_IMPLEMENTATIONS = YES;
				CLANG_WARN_DIRECT_OBJC_ISA_USAGE = YES_ERROR;
				CLANG_WARN_DOCUMENTATION_COMMENTS = YES;
				CLANG_WARN_EMPTY_BODY = YES;
				CLANG_WARN_ENUM_CONVERSION = YES;
				CLANG_WARN_INFINITE_RECURSION = YES;
				CLANG_WARN_INT_CONVERSION = YES;
				CLANG_WARN_NON_LITERAL_NULL_CONVERSION = YES;
				CLANG_WARN_OBJC_IMPLICIT_RETAIN_SELF = YES;
				CLANG_WARN_OBJC_LITERAL_CONVERSION = YES;
				CLANG_WARN_OBJC_ROOT_CLASS = YES_ERROR;
				CLANG_WARN_RANGE_LOOP_ANALYSIS = YES;
				CLANG_WARN_STRICT_PROTOTYPES = YES;
				CLANG_WARN_SUSPICIOUS_MOVE = YES;
				CLANG_WARN_UNGUARDED_AVAILABILITY = YES_AGGRESSIVE;
				CLANG_WARN_UNREACHABLE_CODE = YES;
				CLANG_WARN__DUPLICATE_METHOD_MATCH = YES;
				CODE_SIGN_IDENTITY = "iPhone Developer";
				COPY_PHASE_STRIP = NO;
				DEBUG_INFORMATION_FORMAT = dwarf;
				ENABLE_STRICT_OBJC_MSGSEND = YES;
				ENABLE_TESTABILITY = YES;
				GCC_C_LANGUAGE_STANDARD = gnu11;
				GCC_DYNAMIC_NO_PIC = NO;
				GCC_NO_COMMON_BLOCKS = YES;
				GCC_OPTIMIZATION_LEVEL = 0;
				GCC_PREPROCESSOR_DEFINITIONS = (
					"DEBUG=1",
					"$(inherited)",
				);
				GCC_WARN_64_TO_32_BIT_CONVERSION = YES;
				GCC_WARN_ABOUT_RETURN_TYPE = YES_ERROR;
				GCC_WARN_UNDECLARED_SELECTOR = YES;
				GCC_WARN_UNINITIALIZED_AUTOS = YES_AGGRESSIVE;
				GCC_WARN_UNUSED_FUNCTION = YES;
				GCC_WARN_UNUSED_VARIABLE = YES;
				IPHONEOS_DEPLOYMENT_TARGET = 12.1;
				MTL_ENABLE_DEBUG_INFO = INCLUDE_SOURCE;
				MTL_FAST_MATH = YES;
				ONLY_ACTIVE_ARCH = YES;
				SDKROOT = iphoneos;
			};
			name = Debug;
		};
		671683892268492700841BFD /* Release */ = {
			isa = XCBuildConfiguration;
			buildSettings = {
				ALWAYS_SEARCH_USER_PATHS = NO;
				CLANG_ANALYZER_NONNULL = YES;
				CLANG_ANALYZER_NUMBER_OBJECT_CONVERSION = YES_AGGRESSIVE;
				CLANG_CXX_LANGUAGE_STANDARD = "gnu++14";
				CLANG_CXX_LIBRARY = "libc++";
				CLANG_ENABLE_MODULES = YES;
				CLANG_ENABLE_OBJC_ARC = YES;
				CLANG_ENABLE_OBJC_WEAK = YES;
				CLANG_WARN_BLOCK_CAPTURE_AUTORELEASING = YES;
				CLANG_WARN_BOOL_CONVERSION = YES;
				CLANG_WARN_COMMA = YES;
				CLANG_WARN_CONSTANT_CONVERSION = YES;
				CLANG_WARN_DEPRECATED_OBJC_IMPLEMENTATIONS = YES;
				CLANG_WARN_DIRECT_OBJC_ISA_USAGE = YES_ERROR;
				CLANG_WARN_DOCUMENTATION_COMMENTS = YES;
				CLANG_WARN_EMPTY_BODY = YES;
				CLANG_WARN_ENUM_CONVERSION = YES;
				CLANG_WARN_INFINITE_RECURSION = YES;
				CLANG_WARN_INT_CONVERSION = YES;
				CLANG_WARN_NON_LITERAL_NULL_CONVERSION = YES;
				CLANG_WARN_OBJC_IMPLICIT_RETAIN_SELF = YES;
				CLANG_WARN_OBJC_LITERAL_CONVERSION = YES;
				CLANG_WARN_OBJC_ROOT_CLASS = YES_ERROR;
				CLANG_WARN_RANGE_LOOP_ANALYSIS = YES;
				CLANG_WARN_STRICT_PROTOTYPES = YES;
				CLANG_WARN_SUSPICIOUS_MOVE = YES;
				CLANG_WARN_UNGUARDED_AVAILABILITY = YES_AGGRESSIVE;
				CLANG_WARN_UNREACHABLE_CODE = YES;
				CLANG_WARN__DUPLICATE_METHOD_MATCH = YES;
				CODE_SIGN_IDENTITY = "iPhone Developer";
				COPY_PHASE_STRIP = NO;
				DEBUG_INFORMATION_FORMAT = "dwarf-with-dsym";
				ENABLE_NS_ASSERTIONS = NO;
				ENABLE_STRICT_OBJC_MSGSEND = YES;
				GCC_C_LANGUAGE_STANDARD = gnu11;
				GCC_NO_COMMON_BLOCKS = YES;
				GCC_WARN_64_TO_32_BIT_CONVERSION = YES;
				GCC_WARN_ABOUT_RETURN_TYPE = YES_ERROR;
				GCC_WARN_UNDECLARED_SELECTOR = YES;
				GCC_WARN_UNINITIALIZED_AUTOS = YES_AGGRESSIVE;
				GCC_WARN_UNUSED_FUNCTION = YES;
				GCC_WARN_UNUSED_VARIABLE = YES;
				IPHONEOS_DEPLOYMENT_TARGET = 12.1;
				MTL_ENABLE_DEBUG_INFO = NO;
				MTL_FAST_MATH = YES;
				SDKROOT = iphoneos;
				VALIDATE_PRODUCT = YES;
			};
			name = Release;
		};
		6716838B2268492700841BFD /* Debug */ = {
			isa = XCBuildConfiguration;
			baseConfigurationReference = F6A834AD4E41DBDB95530273 /* Pods-XGYPhotoBrowser.debug.xcconfig */;
			buildSettings = {
				ASSETCATALOG_COMPILER_APPICON_NAME = AppIcon;
				CODE_SIGN_STYLE = Automatic;
				DEVELOPMENT_TEAM = M6UWNQYZ59;
				INFOPLIST_FILE = "$(SRCROOT)/XGYPhotoBrowser/Other/Info.plist";
				IPHONEOS_DEPLOYMENT_TARGET = 8.0;
				LD_RUNPATH_SEARCH_PATHS = (
					"$(inherited)",
					"@executable_path/Frameworks",
				);
				PRODUCT_BUNDLE_IDENTIFIER = finogeeks.XGYPhotoBrowser;
				PRODUCT_NAME = "$(TARGET_NAME)";
				TARGETED_DEVICE_FAMILY = "1,2";
			};
			name = Debug;
		};
		6716838C2268492700841BFD /* Release */ = {
			isa = XCBuildConfiguration;
			baseConfigurationReference = 246CE549DC2487BA33630F2F /* Pods-XGYPhotoBrowser.release.xcconfig */;
			buildSettings = {
				ASSETCATALOG_COMPILER_APPICON_NAME = AppIcon;
				CODE_SIGN_STYLE = Automatic;
				DEVELOPMENT_TEAM = M6UWNQYZ59;
				INFOPLIST_FILE = "$(SRCROOT)/XGYPhotoBrowser/Other/Info.plist";
				IPHONEOS_DEPLOYMENT_TARGET = 8.0;
				LD_RUNPATH_SEARCH_PATHS = (
					"$(inherited)",
					"@executable_path/Frameworks",
				);
				PRODUCT_BUNDLE_IDENTIFIER = finogeeks.XGYPhotoBrowser;
				PRODUCT_NAME = "$(TARGET_NAME)";
				TARGETED_DEVICE_FAMILY = "1,2";
			};
			name = Release;
		};
/* End XCBuildConfiguration section */

/* Begin XCConfigurationList section */
		6716836F2268492700841BFD /* Build configuration list for PBXProject "XGYPhotoBrowser" */ = {
			isa = XCConfigurationList;
			buildConfigurations = (
				671683882268492700841BFD /* Debug */,
				671683892268492700841BFD /* Release */,
			);
			defaultConfigurationIsVisible = 0;
			defaultConfigurationName = Release;
		};
		6716838A2268492700841BFD /* Build configuration list for PBXNativeTarget "XGYPhotoBrowser" */ = {
			isa = XCConfigurationList;
			buildConfigurations = (
				6716838B2268492700841BFD /* Debug */,
				6716838C2268492700841BFD /* Release */,
			);
			defaultConfigurationIsVisible = 0;
			defaultConfigurationName = Release;
		};
/* End XCConfigurationList section */
	};
	rootObject = 6716836C2268492700841BFD /* Project object */;
}
